// !$*UTF8*$!
{
	archiveVersion = 1;
	classes = {
	};
	objectVersion = 48;
	objects = {

/* Begin PBXBuildFile section */
		B51552822092025F00E45D9A /* AppDelegate.swift in Sources */ = {isa = PBXBuildFile; fileRef = B51552812092025F00E45D9A /* AppDelegate.swift */; };
		B51552842092025F00E45D9A /* ViewController.swift in Sources */ = {isa = PBXBuildFile; fileRef = B51552832092025F00E45D9A /* ViewController.swift */; };
		B51552872092025F00E45D9A /* Main.storyboard in Resources */ = {isa = PBXBuildFile; fileRef = B51552852092025F00E45D9A /* Main.storyboard */; };
		B51552892092025F00E45D9A /* Assets.xcassets in Resources */ = {isa = PBXBuildFile; fileRef = B51552882092025F00E45D9A /* Assets.xcassets */; };
		B515528C2092025F00E45D9A /* LaunchScreen.storyboard in Resources */ = {isa = PBXBuildFile; fileRef = B515528A2092025F00E45D9A /* LaunchScreen.storyboard */; };
/* End PBXBuildFile section */

/* Begin PBXFileReference section */
		B515527E2092025F00E45D9A /* LYK.app */ = {isa = PBXFileReference; explicitFileType = wrapper.application; includeInIndex = 0; path = LYK.app; sourceTree = BUILT_PRODUCTS_DIR; };
		B51552812092025F00E45D9A /* AppDelegate.swift */ = {isa = PBXFileReference; lastKnownFileType = sourcecode.swift; path = AppDelegate.swift; sourceTree = "<group>"; };
		B51552832092025F00E45D9A /* ViewController.swift */ = {isa = PBXFileReference; lastKnownFileType = sourcecode.swift; path = ViewController.swift; sourceTree = "<group>"; };
		B51552862092025F00E45D9A /* Base */ = {isa = PBXFileReference; lastKnownFileType = file.storyboard; name = Base; path = Base.lproj/Main.storyboard; sourceTree = "<group>"; };
		B51552882092025F00E45D9A /* Assets.xcassets */ = {isa = PBXFileReference; lastKnownFileType = folder.assetcatalog; path = Assets.xcassets; sourceTree = "<group>"; };
		B515528B2092025F00E45D9A /* Base */ = {isa = PBXFileReference; lastKnownFileType = file.storyboard; name = Base; path = Base.lproj/LaunchScreen.storyboard; sourceTree = "<group>"; };
		B515528D2092025F00E45D9A /* Info.plist */ = {isa = PBXFileReference; lastKnownFileType = text.plist.xml; path = Info.plist; sourceTree = "<group>"; };
/* End PBXFileReference section */

/* Begin PBXFrameworksBuildPhase section */
		B515527B2092025F00E45D9A /* Frameworks */ = {
			isa = PBXFrameworksBuildPhase;
			buildActionMask = 2147483647;
			files = (
			);
			runOnlyForDeploymentPostprocessing = 0;
		};
/* End PBXFrameworksBuildPhase section */

/* Begin PBXGroup section */
		B51552752092025F00E45D9A = {
			isa = PBXGroup;
			children = (
				B51552802092025F00E45D9A /* LYK */,
				B515527F2092025F00E45D9A /* Products */,
			);
			sourceTree = "<group>";
		};
		B515527F2092025F00E45D9A /* Products */ = {
			isa = PBXGroup;
			children = (
				B515527E2092025F00E45D9A /* LYK.app */,
			);
			name = Products;
			sourceTree = "<group>";
		};
		B51552802092025F00E45D9A /* LYK */ = {
			isa = PBXGroup;
			children = (
				B5155293209202C700E45D9A /* Resourses */,
				B515529B2092037200E45D9A /* Extensions */,
				B5155296209202F400E45D9A /* Presentation Layer */,
				B5155295209202EA00E45D9A /* Data Layer */,
				B5155294209202D000E45D9A /* Bussiness Layer */,
				B51552812092025F00E45D9A /* AppDelegate.swift */,
				B51552832092025F00E45D9A /* ViewController.swift */,
				B51552852092025F00E45D9A /* Main.storyboard */,
				B51552882092025F00E45D9A /* Assets.xcassets */,
				B515528A2092025F00E45D9A /* LaunchScreen.storyboard */,
				B515528D2092025F00E45D9A /* Info.plist */,
			);
			path = LYK;
			sourceTree = "<group>";
		};
		B5155293209202C700E45D9A /* Resourses */ = {
			isa = PBXGroup;
			children = (
			);
			path = Resourses;
			sourceTree = "<group>";
		};
		B5155294209202D000E45D9A /* Bussiness Layer */ = {
			isa = PBXGroup;
			children = (
			);
			path = "Bussiness Layer";
			sourceTree = "<group>";
		};
		B5155295209202EA00E45D9A /* Data Layer */ = {
			isa = PBXGroup;
			children = (
				B515529A2092033400E45D9A /* Requests */,
				B51552972092031000E45D9A /* Components */,
				B51552982092031400E45D9A /* Data Sourses */,
				B51552992092032500E45D9A /* Models */,
			);
			path = "Data Layer";
			sourceTree = "<group>";
		};
		B5155296209202F400E45D9A /* Presentation Layer */ = {
			isa = PBXGroup;
			children = (
				B515529C2092042600E45D9A /* View Controllers */,
			);
			path = "Presentation Layer";
			sourceTree = "<group>";
		};
		B51552972092031000E45D9A /* Components */ = {
			isa = PBXGroup;
			children = (
			);
			path = Components;
			sourceTree = "<group>";
		};
		B51552982092031400E45D9A /* Data Sourses */ = {
			isa = PBXGroup;
			children = (
			);
			path = "Data Sourses";
			sourceTree = "<group>";
		};
		B51552992092032500E45D9A /* Models */ = {
			isa = PBXGroup;
			children = (
			);
			path = Models;
			sourceTree = "<group>";
		};
		B515529A2092033400E45D9A /* Requests */ = {
			isa = PBXGroup;
			children = (
			);
			path = Requests;
			sourceTree = "<group>";
		};
		B515529B2092037200E45D9A /* Extensions */ = {
			isa = PBXGroup;
			children = (
			);
			path = Extensions;
			sourceTree = "<group>";
		};
		B515529C2092042600E45D9A /* View Controllers */ = {
			isa = PBXGroup;
			children = (
				B515529D2092045400E45D9A /* FeedViewController */,
			);
			path = "View Controllers";
			sourceTree = "<group>";
		};
		B515529D2092045400E45D9A /* FeedViewController */ = {
			isa = PBXGroup;
			children = (
				B515529E2092046C00E45D9A /* Cell */,
			);
			path = FeedViewController;
			sourceTree = "<group>";
		};
		B515529E2092046C00E45D9A /* Cell */ = {
			isa = PBXGroup;
			children = (
			);
			path = Cell;
			sourceTree = "<group>";
		};
/* End PBXGroup section */

/* Begin PBXNativeTarget section */
		B515527D2092025F00E45D9A /* LYK */ = {
			isa = PBXNativeTarget;
			buildConfigurationList = B51552902092025F00E45D9A /* Build configuration list for PBXNativeTarget "LYK" */;
			buildPhases = (
				B515527A2092025F00E45D9A /* Sources */,
				B515527B2092025F00E45D9A /* Frameworks */,
				B515527C2092025F00E45D9A /* Resources */,
			);
			buildRules = (
			);
			dependencies = (
			);
			name = LYK;
			productName = LYK;
			productReference = B515527E2092025F00E45D9A /* LYK.app */;
			productType = "com.apple.product-type.application";
		};
/* End PBXNativeTarget section */

/* Begin PBXProject section */
		B51552762092025F00E45D9A /* Project object */ = {
			isa = PBXProject;
			attributes = {
				LastSwiftUpdateCheck = 0900;
				LastUpgradeCheck = 0900;
				ORGANIZATIONNAME = EngineeringIdea;
				TargetAttributes = {
					B515527D2092025F00E45D9A = {
						CreatedOnToolsVersion = 9.0.1;
						ProvisioningStyle = Automatic;
					};
				};
			};
			buildConfigurationList = B51552792092025F00E45D9A /* Build configuration list for PBXProject "LYK" */;
			compatibilityVersion = "Xcode 8.0";
			developmentRegion = en;
			hasScannedForEncodings = 0;
			knownRegions = (
				en,
				Base,
			);
			mainGroup = B51552752092025F00E45D9A;
			productRefGroup = B515527F2092025F00E45D9A /* Products */;
			projectDirPath = "";
			projectRoot = "";
			targets = (
				B515527D2092025F00E45D9A /* LYK */,
			);
		};
/* End PBXProject section */

/* Begin PBXResourcesBuildPhase section */
		B515527C2092025F00E45D9A /* Resources */ = {
			isa = PBXResourcesBuildPhase;
			buildActionMask = 2147483647;
			files = (
				B515528C2092025F00E45D9A /* LaunchScreen.storyboard in Resources */,
				B51552892092025F00E45D9A /* Assets.xcassets in Resources */,
				B51552872092025F00E45D9A /* Main.storyboard in Resources */,
			);
			runOnlyForDeploymentPostprocessing = 0;
		};
/* End PBXResourcesBuildPhase section */

/* Begin PBXSourcesBuildPhase section */
		B515527A2092025F00E45D9A /* Sources */ = {
			isa = PBXSourcesBuildPhase;
			buildActionMask = 2147483647;
			files = (
				B51552842092025F00E45D9A /* ViewController.swift in Sources */,
				B51552822092025F00E45D9A /* AppDelegate.swift in Sources */,
			);
			runOnlyForDeploymentPostprocessing = 0;
		};
/* End PBXSourcesBuildPhase section */

/* Begin PBXVariantGroup section */
		B51552852092025F00E45D9A /* Main.storyboard */ = {
			isa = PBXVariantGroup;
			children = (
				B51552862092025F00E45D9A /* Base */,
			);
			name = Main.storyboard;
			sourceTree = "<group>";
		};
		B515528A2092025F00E45D9A /* LaunchScreen.storyboard */ = {
			isa = PBXVariantGroup;
			children = (
				B515528B2092025F00E45D9A /* Base */,
			);
			name = LaunchScreen.storyboard;
			sourceTree = "<group>";
		};
/* End PBXVariantGroup section */

/* Begin XCBuildConfiguration section */
		B515528E2092025F00E45D9A /* Debug */ = {
			isa = XCBuildConfiguration;
			buildSettings = {
				ALWAYS_SEARCH_USER_PATHS = NO;
				CLANG_ANALYZER_NONNULL = YES;
				CLANG_ANALYZER_NUMBER_OBJECT_CONVERSION = YES_AGGRESSIVE;
				CLANG_CXX_LANGUAGE_STANDARD = "gnu++14";
				CLANG_CXX_LIBRARY = "libc++";
				CLANG_ENABLE_MODULES = YES;
				CLANG_ENABLE_OBJC_ARC = YES;
				CLANG_WARN_BLOCK_CAPTURE_AUTORELEASING = YES;
				CLANG_WARN_BOOL_CONVERSION = YES;
				CLANG_WARN_COMMA = YES;
				CLANG_WARN_CONSTANT_CONVERSION = YES;
				CLANG_WARN_DIRECT_OBJC_ISA_USAGE = YES_ERROR;
				CLANG_WARN_DOCUMENTATION_COMMENTS = YES;
				CLANG_WARN_EMPTY_BODY = YES;
				CLANG_WARN_ENUM_CONVERSION = YES;
				CLANG_WARN_INFINITE_RECURSION = YES;
				CLANG_WARN_INT_CONVERSION = YES;
				CLANG_WARN_NON_LITERAL_NULL_CONVERSION = YES;
				CLANG_WARN_OBJC_LITERAL_CONVERSION = YES;
				CLANG_WARN_OBJC_ROOT_CLASS = YES_ERROR;
				CLANG_WARN_RANGE_LOOP_ANALYSIS = YES;
				CLANG_WARN_STRICT_PROTOTYPES = YES;
				CLANG_WARN_SUSPICIOUS_MOVE = YES;
				CLANG_WARN_UNGUARDED_AVAILABILITY = YES_AGGRESSIVE;
				CLANG_WARN_UNREACHABLE_CODE = YES;
				CLANG_WARN__DUPLICATE_METHOD_MATCH = YES;
				CODE_SIGN_IDENTITY = "iPhone Developer";
				COPY_PHASE_STRIP = NO;
				DEBUG_INFORMATION_FORMAT = dwarf;
				ENABLE_STRICT_OBJC_MSGSEND = YES;
				ENABLE_TESTABILITY = YES;
				GCC_C_LANGUAGE_STANDARD = gnu11;
				GCC_DYNAMIC_NO_PIC = NO;
				GCC_NO_COMMON_BLOCKS = YES;
				GCC_OPTIMIZATION_LEVEL = 0;
				GCC_PREPROCESSOR_DEFINITIONS = (
					"DEBUG=1",
					"$(inherited)",
				);
				GCC_WARN_64_TO_32_BIT_CONVERSION = YES;
				GCC_WARN_ABOUT_RETURN_TYPE = YES_ERROR;
				GCC_WARN_UNDECLARED_SELECTOR = YES;
				GCC_WARN_UNINITIALIZED_AUTOS = YES_AGGRESSIVE;
				GCC_WARN_UNUSED_FUNCTION = YES;
				GCC_WARN_UNUSED_VARIABLE = YES;
				IPHONEOS_DEPLOYMENT_TARGET = 11.0;
				MTL_ENABLE_DEBUG_INFO = YES;
				ONLY_ACTIVE_ARCH = YES;
				SDKROOT = iphoneos;
				SWIFT_ACTIVE_COMPILATION_CONDITIONS = DEBUG;
				SWIFT_OPTIMIZATION_LEVEL = "-Onone";
			};
			name = Debug;
		};
		B515528F2092025F00E45D9A /* Release */ = {
			isa = XCBuildConfiguration;
			buildSettings = {
				ALWAYS_SEARCH_USER_PATHS = NO;
				CLANG_ANALYZER_NONNULL = YES;
				CLANG_ANALYZER_NUMBER_OBJECT_CONVERSION = YES_AGGRESSIVE;
				CLANG_CXX_LANGUAGE_STANDARD = "gnu++14";
				CLANG_CXX_LIBRARY = "libc++";
				CLANG_ENABLE_MODULES = YES;
				CLANG_ENABLE_OBJC_ARC = YES;
				CLANG_WARN_BLOCK_CAPTURE_AUTORELEASING = YES;
				CLANG_WARN_BOOL_CONVERSION = YES;
				CLANG_WARN_COMMA = YES;
				CLANG_WARN_CONSTANT_CONVERSION = YES;
				CLANG_WARN_DIRECT_OBJC_ISA_USAGE = YES_ERROR;
				CLANG_WARN_DOCUMENTATION_COMMENTS = YES;
				CLANG_WARN_EMPTY_BODY = YES;
				CLANG_WARN_ENUM_CONVERSION = YES;
				CLANG_WARN_INFINITE_RECURSION = YES;
				CLANG_WARN_INT_CONVERSION = YES;
				CLANG_WARN_NON_LITERAL_NULL_CONVERSION = YES;
				CLANG_WARN_OBJC_LITERAL_CONVERSION = YES;
				CLANG_WARN_OBJC_ROOT_CLASS = YES_ERROR;
				CLANG_WARN_RANGE_LOOP_ANALYSIS = YES;
				CLANG_WARN_STRICT_PROTOTYPES = YES;
				CLANG_WARN_SUSPICIOUS_MOVE = YES;
				CLANG_WARN_UNGUARDED_AVAILABILITY = YES_AGGRESSIVE;
				CLANG_WARN_UNREACHABLE_CODE = YES;
				CLANG_WARN__DUPLICATE_METHOD_MATCH = YES;
				CODE_SIGN_IDENTITY = "iPhone Developer";
				COPY_PHASE_STRIP = NO;
				DEBUG_INFORMATION_FORMAT = "dwarf-with-dsym";
				ENABLE_NS_ASSERTIONS = NO;
				ENABLE_STRICT_OBJC_MSGSEND = YES;
				GCC_C_LANGUAGE_STANDARD = gnu11;
				GCC_NO_COMMON_BLOCKS = YES;
				GCC_WARN_64_TO_32_BIT_CONVERSION = YES;
				GCC_WARN_ABOUT_RETURN_TYPE = YES_ERROR;
				GCC_WARN_UNDECLARED_SELECTOR = YES;
				GCC_WARN_UNINITIALIZED_AUTOS = YES_AGGRESSIVE;
				GCC_WARN_UNUSED_FUNCTION = YES;
				GCC_WARN_UNUSED_VARIABLE = YES;
				IPHONEOS_DEPLOYMENT_TARGET = 11.0;
				MTL_ENABLE_DEBUG_INFO = NO;
				SDKROOT = iphoneos;
				SWIFT_OPTIMIZATION_LEVEL = "-Owholemodule";
				VALIDATE_PRODUCT = YES;
			};
			name = Release;
		};
		B51552912092025F00E45D9A /* Debug */ = {
			isa = XCBuildConfiguration;
			buildSettings = {
				ASSETCATALOG_COMPILER_APPICON_NAME = AppIcon;
				CODE_SIGN_STYLE = Automatic;
				DEVELOPMENT_TEAM = GK24NL74NK;
				INFOPLIST_FILE = LYK/Info.plist;
				LD_RUNPATH_SEARCH_PATHS = "$(inherited) @executable_path/Frameworks";
				PRODUCT_BUNDLE_IDENTIFIER = com.engineeringIdea.LYK;
				PRODUCT_NAME = "$(TARGET_NAME)";
				SWIFT_VERSION = 4.0;
				TARGETED_DEVICE_FAMILY = "1,2";
			};
			name = Debug;
		};
		B51552922092025F00E45D9A /* Release */ = {
			isa = XCBuildConfiguration;
			buildSettings = {
				ASSETCATALOG_COMPILER_APPICON_NAME = AppIcon;
				CODE_SIGN_STYLE = Automatic;
				DEVELOPMENT_TEAM = GK24NL74NK;
				INFOPLIST_FILE = LYK/Info.plist;
				LD_RUNPATH_SEARCH_PATHS = "$(inherited) @executable_path/Frameworks";
				PRODUCT_BUNDLE_IDENTIFIER = com.engineeringIdea.LYK;
				PRODUCT_NAME = "$(TARGET_NAME)";
				SWIFT_VERSION = 4.0;
				TARGETED_DEVICE_FAMILY = "1,2";
			};
			name = Release;
		};
/* End XCBuildConfiguration section */

/* Begin XCConfigurationList section */
		B51552792092025F00E45D9A /* Build configuration list for PBXProject "LYK" */ = {
			isa = XCConfigurationList;
			buildConfigurations = (
				B515528E2092025F00E45D9A /* Debug */,
				B515528F2092025F00E45D9A /* Release */,
			);
			defaultConfigurationIsVisible = 0;
			defaultConfigurationName = Release;
		};
		B51552902092025F00E45D9A /* Build configuration list for PBXNativeTarget "LYK" */ = {
			isa = XCConfigurationList;
			buildConfigurations = (
				B51552912092025F00E45D9A /* Debug */,
				B51552922092025F00E45D9A /* Release */,
			);
			defaultConfigurationIsVisible = 0;
			defaultConfigurationName = Release;
		};
/* End XCConfigurationList section */
	};
	rootObject = B51552762092025F00E45D9A /* Project object */;
}
